# This file is automatically @generated by Cargo.
# It is not intended for manual editing.
version = 4

[[package]]
name = "mimo26-api"
version = "0.1.0"

[[package]]
name = "mimo26-attn"
version = "0.1.0"
dependencies = [
 "mimo26-load",
]

[[package]]
name = "mimo26-coordinator"
version = "0.1.0"
dependencies = [
 "mimo26-api",
 "mimo26-attn",
 "mimo26-load",
 "mimo26-rdma",
 "mimo26-repack",
 "mimo26-wire",
]

[[package]]
name = "mimo26-expert"
version = "0.1.0"

[[package]]
name = "mimo26-lanesim"
version = "0.1.0"

[[package]]
name = "mimo26-load"
version = "0.1.0"

[[package]]
name = "mimo26-rdma"
version = "0.1.0"

[[package]]
name = "mimo26-repack"
version = "0.1.0"

[[package]]
name = "mimo26-spark"
version = "0.1.0"
dependencies = [
 "mimo26-expert",
 "mimo26-load",
 "mimo26-rdma",
 "mimo26-repack",
 "mimo26-wire",
]

[[package]]
name = "mimo26-wire"
version = "0.1.0"
